
Microsoft Visual Studio Solution File, Format Version 12.00
# Visual Studio 15
VisualStudioVersion = 15.0.28307.102
MinimumVisualStudioVersion = 10.0.40219.1
Project("{888888A0-9F3D-457C-B088-3A5042F75D52}") = "01", "01\01.pyproj", "{37D8A686-7B41-46F4-AFC1-E881B5AEF2FD}"
EndProject
Project("{888888A0-9F3D-457C-B088-3A5042F75D52}") = "02", "02\02.pyproj", "{C584D008-6A61-419F-AF68-784BB40F075B}"
EndProject
Project("{888888A0-9F3D-457C-B088-3A5042F75D52}") = "03", "03\03.pyproj", "{BA50B4B2-4A42-4AF9-AC09-25E00C6F8D51}"
EndProject
Project("{888888A0-9F3D-457C-B088-3A5042F75D52}") = "04", "04\04.pyproj", "{2A40D8E4-0FE0-4275-939D-467C2BB07FA6}"
EndProject
Project("{888888A0-9F3D-457C-B088-3A5042F75D52}") = "05", "05\05.pyproj", "{9F83C913-AAAB-4A04-8303-D82001253B0F}"
EndProject
Project("{888888A0-9F3D-457C-B088-3A5042F75D52}") = "06", "06\06.pyproj", "{E1A31A27-3800-4482-B705-EFE7F6A70DA6}"
EndProject
Project("{888888A0-9F3D-457C-B088-3A5042F75D52}") = "07", "07\07.pyproj", "{B882540D-9CB1-4E39-8394-59D58DCBFEA7}"
EndProject
Project("{888888A0-9F3D-457C-B088-3A5042F75D52}") = "08", "08\08.pyproj", "{775DD666-7A43-419C-98B0-5A07DE157489}"
EndProject
Project("{888888A0-9F3D-457C-B088-3A5042F75D52}") = "09", "09\09.pyproj", "{B18D2D74-1C12-41B6-A193-8DA9E05B941C}"
EndProject
Global
	GlobalSection(SolutionConfigurationPlatforms) = preSolution
		Debug|Any CPU = Debug|Any CPU
		Release|Any CPU = Release|Any CPU
	EndGlobalSection
	GlobalSection(ProjectConfigurationPlatforms) = postSolution
		{37D8A686-7B41-46F4-AFC1-E881B5AEF2FD}.Debug|Any CPU.ActiveCfg = Debug|Any CPU
		{37D8A686-7B41-46F4-AFC1-E881B5AEF2FD}.Release|Any CPU.ActiveCfg = Release|Any CPU
		{C584D008-6A61-419F-AF68-784BB40F075B}.Debug|Any CPU.ActiveCfg = Debug|Any CPU
		{C584D008-6A61-419F-AF68-784BB40F075B}.Release|Any CPU.ActiveCfg = Release|Any CPU
		{BA50B4B2-4A42-4AF9-AC09-25E00C6F8D51}.Debug|Any CPU.ActiveCfg = Debug|Any CPU
		{BA50B4B2-4A42-4AF9-AC09-25E00C6F8D51}.Release|Any CPU.ActiveCfg = Release|Any CPU
		{2A40D8E4-0FE0-4275-939D-467C2BB07FA6}.Debug|Any CPU.ActiveCfg = Debug|Any CPU
		{2A40D8E4-0FE0-4275-939D-467C2BB07FA6}.Release|Any CPU.ActiveCfg = Release|Any CPU
		{9F83C913-AAAB-4A04-8303-D82001253B0F}.Debug|Any CPU.ActiveCfg = Debug|Any CPU
		{9F83C913-AAAB-4A04-8303-D82001253B0F}.Release|Any CPU.ActiveCfg = Release|Any CPU
		{E1A31A27-3800-4482-B705-EFE7F6A70DA6}.Debug|Any CPU.ActiveCfg = Debug|Any CPU
		{E1A31A27-3800-4482-B705-EFE7F6A70DA6}.Release|Any CPU.ActiveCfg = Release|Any CPU
		{B882540D-9CB1-4E39-8394-59D58DCBFEA7}.Debug|Any CPU.ActiveCfg = Debug|Any CPU
		{B882540D-9CB1-4E39-8394-59D58DCBFEA7}.Release|Any CPU.ActiveCfg = Release|Any CPU
		{775DD666-7A43-419C-98B0-5A07DE157489}.Debug|Any CPU.ActiveCfg = Debug|Any CPU
		{775DD666-7A43-419C-98B0-5A07DE157489}.Release|Any CPU.ActiveCfg = Release|Any CPU
		{B18D2D74-1C12-41B6-A193-8DA9E05B941C}.Debug|Any CPU.ActiveCfg = Debug|Any CPU
		{B18D2D74-1C12-41B6-A193-8DA9E05B941C}.Release|Any CPU.ActiveCfg = Release|Any CPU
	EndGlobalSection
	GlobalSection(SolutionProperties) = preSolution
		HideSolutionNode = FALSE
	EndGlobalSection
	GlobalSection(ExtensibilityGlobals) = postSolution
		SolutionGuid = {632FC3CE-F454-41DE-9E9E-0EAB8C5C3E28}
	EndGlobalSection
EndGlobal
